
Microsoft Visual Studio Solution File, Format Version 12.00
# Visual Studio Version 17
VisualStudioVersion = 17.0.31903.59
MinimumVisualStudioVersion = 10.0.40219.1
Project("{9A19103F-16F7-4668-BE54-9A1E7A4F7556}") = "BackgroundJobDemo", "BackgroundJobDemo\BackgroundJobDemo.csproj", "{08A709D9-095C-4521-A13B-CFE321344924}"
EndProject
Project("{9A19103F-16F7-4668-BE54-9A1E7A4F7556}") = "AppHost", "AppHost\AppHost.csproj", "{BCD0829F-E652-447B-82DA-0D0E601387A3}"
EndProject
Project("{9A19103F-16F7-4668-BE54-9A1E7A4F7556}") = "Quarzt", "Quarzt\Quarzt.csproj", "{F8281D1B-1B24-4868-8CC0-2675D634FCE4}"
EndProject
Global
	GlobalSection(SolutionConfigurationPlatforms) = preSolution
		Debug|Any CPU = Debug|Any CPU
		Release|Any CPU = Release|Any CPU
	EndGlobalSection
	GlobalSection(ProjectConfigurationPlatforms) = postSolution
		{08A709D9-095C-4521-A13B-CFE321344924}.Debug|Any CPU.ActiveCfg = Debug|Any CPU
		{08A709D9-095C-4521-A13B-CFE321344924}.Debug|Any CPU.Build.0 = Debug|Any CPU
		{08A709D9-095C-4521-A13B-CFE321344924}.Release|Any CPU.ActiveCfg = Release|Any CPU
		{08A709D9-095C-4521-A13B-CFE321344924}.Release|Any CPU.Build.0 = Release|Any CPU
		{BCD0829F-E652-447B-82DA-0D0E601387A3}.Debug|Any CPU.ActiveCfg = Debug|Any CPU
		{BCD0829F-E652-447B-82DA-0D0E601387A3}.Debug|Any CPU.Build.0 = Debug|Any CPU
		{BCD0829F-E652-447B-82DA-0D0E601387A3}.Release|Any CPU.ActiveCfg = Release|Any CPU
		{BCD0829F-E652-447B-82DA-0D0E601387A3}.Release|Any CPU.Build.0 = Release|Any CPU
		{F8281D1B-1B24-4868-8CC0-2675D634FCE4}.Debug|Any CPU.ActiveCfg = Debug|Any CPU
		{F8281D1B-1B24-4868-8CC0-2675D634FCE4}.Debug|Any CPU.Build.0 = Debug|Any CPU
		{F8281D1B-1B24-4868-8CC0-2675D634FCE4}.Release|Any CPU.ActiveCfg = Release|Any CPU
		{F8281D1B-1B24-4868-8CC0-2675D634FCE4}.Release|Any CPU.Build.0 = Release|Any CPU
	EndGlobalSection
	GlobalSection(SolutionProperties) = preSolution
		HideSolutionNode = FALSE
	EndGlobalSection
	GlobalSection(ExtensibilityGlobals) = postSolution
		SolutionGuid = {841D3169-553A-409D-B1D4-ADEFD47EF74A}
	EndGlobalSection
EndGlobal
